
Microsoft Visual Studio Solution File, Format Version 12.00
# Visual Studio 15
VisualStudioVersion = 15.0.28307.271
MinimumVisualStudioVersion = 10.0.40219.1
Project("{FAE04EC0-301F-11D3-BF4B-00C04F79EFBC}") = "Onbon Protocol analysis", "Onbon Protocol analysis\Onbon Protocol analysis.csproj", "{9AFBC387-30D0-4E73-9464-F3322E089E01}"
EndProject
Global
	GlobalSection(SolutionConfigurationPlatforms) = preSolution
		Debug|Any CPU = Debug|Any CPU
		Release|Any CPU = Release|Any CPU
	EndGlobalSection
	GlobalSection(ProjectConfigurationPlatforms) = postSolution
		{9AFBC387-30D0-4E73-9464-F3322E089E01}.Debug|Any CPU.ActiveCfg = Debug|Any CPU
		{9AFBC387-30D0-4E73-9464-F3322E089E01}.Debug|Any CPU.Build.0 = Debug|Any CPU
		{9AFBC387-30D0-4E73-9464-F3322E089E01}.Release|Any CPU.ActiveCfg = Release|Any CPU
		{9AFBC387-30D0-4E73-9464-F3322E089E01}.Release|Any CPU.Build.0 = Release|Any CPU
	EndGlobalSection
	GlobalSection(SolutionProperties) = preSolution
		HideSolutionNode = FALSE
	EndGlobalSection
	GlobalSection(ExtensibilityGlobals) = postSolution
		SolutionGuid = {618FFA77-B98C-4337-88CC-255B7B059CA2}
	EndGlobalSection
EndGlobal
